
Microsoft Visual Studio Solution File, Format Version 12.00
# Visual Studio Version 17
VisualStudioVersion = 17.10.35122.118
MinimumVisualStudioVersion = 10.0.40219.1
Project("{FAE04EC0-301F-11D3-BF4B-00C04F79EFBC}") = "Collections", "Collections\Collections.csproj", "{F4D3AAB1-E226-49C6-A1CA-551F6C305797}"
EndProject
Global
	GlobalSection(SolutionConfigurationPlatforms) = preSolution
		Debug|Any CPU = Debug|Any CPU
		Release|Any CPU = Release|Any CPU
	EndGlobalSection
	GlobalSection(ProjectConfigurationPlatforms) = postSolution
		{F4D3AAB1-E226-49C6-A1CA-551F6C305797}.Debug|Any CPU.ActiveCfg = Debug|Any CPU
		{F4D3AAB1-E226-49C6-A1CA-551F6C305797}.Debug|Any CPU.Build.0 = Debug|Any CPU
		{F4D3AAB1-E226-49C6-A1CA-551F6C305797}.Release|Any CPU.ActiveCfg = Release|Any CPU
		{F4D3AAB1-E226-49C6-A1CA-551F6C305797}.Release|Any CPU.Build.0 = Release|Any CPU
	EndGlobalSection
	GlobalSection(SolutionProperties) = preSolution
		HideSolutionNode = FALSE
	EndGlobalSection
	GlobalSection(ExtensibilityGlobals) = postSolution
		SolutionGuid = {7189407A-F4A8-4498-9791-58B7F3EB2D93}
	EndGlobalSection
EndGlobal
